
Microsoft Visual Studio Solution File, Format Version 12.00
# Visual Studio Version 16
VisualStudioVersion = 16.0.30804.86
MinimumVisualStudioVersion = 10.0.40219.1
Project("{FAE04EC0-301F-11D3-BF4B-00C04F79EFBC}") = "QuanLyQuanCoffee", "QuanLyQuanCoffee\QuanLyQuanCoffee.csproj", "{A3488BAF-1F51-48AD-A704-3871E44F6981}"
EndProject
Global
	GlobalSection(SolutionConfigurationPlatforms) = preSolution
		Debug|Any CPU = Debug|Any CPU
		Release|Any CPU = Release|Any CPU
	EndGlobalSection
	GlobalSection(ProjectConfigurationPlatforms) = postSolution
		{A3488BAF-1F51-48AD-A704-3871E44F6981}.Debug|Any CPU.ActiveCfg = Debug|Any CPU
		{A3488BAF-1F51-48AD-A704-3871E44F6981}.Debug|Any CPU.Build.0 = Debug|Any CPU
		{A3488BAF-1F51-48AD-A704-3871E44F6981}.Release|Any CPU.ActiveCfg = Release|Any CPU
		{A3488BAF-1F51-48AD-A704-3871E44F6981}.Release|Any CPU.Build.0 = Release|Any CPU
	EndGlobalSection
	GlobalSection(SolutionProperties) = preSolution
		HideSolutionNode = FALSE
	EndGlobalSection
	GlobalSection(ExtensibilityGlobals) = postSolution
		SolutionGuid = {BE326DFA-3C96-4D48-92B9-405A1274CBEA}
	EndGlobalSection
EndGlobal
